
Microsoft Visual Studio Solution File, Format Version 12.00
# Visual Studio Version 17
VisualStudioVersion = 17.2.32616.157
MinimumVisualStudioVersion = 10.0.40219.1
Project("{FAE04EC0-301F-11D3-BF4B-00C04F79EFBC}") = "Dependency Injection", "Dependency Injection\Dependency Injection.csproj", "{FF294EEA-94F8-4DC7-9279-99DFABEE3644}"
EndProject
Global
	GlobalSection(SolutionConfigurationPlatforms) = preSolution
		Debug|Any CPU = Debug|Any CPU
		Release|Any CPU = Release|Any CPU
	EndGlobalSection
	GlobalSection(ProjectConfigurationPlatforms) = postSolution
		{FF294EEA-94F8-4DC7-9279-99DFABEE3644}.Debug|Any CPU.ActiveCfg = Debug|Any CPU
		{FF294EEA-94F8-4DC7-9279-99DFABEE3644}.Debug|Any CPU.Build.0 = Debug|Any CPU
		{FF294EEA-94F8-4DC7-9279-99DFABEE3644}.Release|Any CPU.ActiveCfg = Release|Any CPU
		{FF294EEA-94F8-4DC7-9279-99DFABEE3644}.Release|Any CPU.Build.0 = Release|Any CPU
	EndGlobalSection
	GlobalSection(SolutionProperties) = preSolution
		HideSolutionNode = FALSE
	EndGlobalSection
	GlobalSection(ExtensibilityGlobals) = postSolution
		SolutionGuid = {0DD7935C-9159-4A88-8144-F59D5786BB44}
	EndGlobalSection
EndGlobal
